// !$*UTF8*$!
{
	archiveVersion = 1;
	classes = {
	};
	objectVersion = 46;
	objects = {

/* Begin PBXBuildFile section */
		9B585DE514BCF0770027DB00 /* Showbag.m in Sources */ = {isa = PBXBuildFile; fileRef = 9B585DE414BCF0770027DB00 /* Showbag.m */; };
		9B585DF114BCFEFB0027DB00 /* showbagFilter-10-17-on.png in Resources */ = {isa = PBXBuildFile; fileRef = 9B585DEB14BCFEFB0027DB00 /* showbagFilter-10-17-on.png */; };
		9B585DF214BCFEFB0027DB00 /* showbagFilter-10-17.png in Resources */ = {isa = PBXBuildFile; fileRef = 9B585DEC14BCFEFB0027DB00 /* showbagFilter-10-17.png */; };
		9B585DF314BCFEFB0027DB00 /* showbagFilter-over17-on.png in Resources */ = {isa = PBXBuildFile; fileRef = 9B585DED14BCFEFB0027DB00 /* showbagFilter-over17-on.png */; };
		9B585DF414BCFEFB0027DB00 /* showbagFilter-over17.png in Resources */ = {isa = PBXBuildFile; fileRef = 9B585DEE14BCFEFB0027DB00 /* showbagFilter-over17.png */; };
		9B585DF514BCFEFB0027DB00 /* showbagFilter-under10-on.png in Resources */ = {isa = PBXBuildFile; fileRef = 9B585DEF14BCFEFB0027DB00 /* showbagFilter-under10-on.png */; };
		9B585DF614BCFEFB0027DB00 /* showbagFilter-under10.png in Resources */ = {isa = PBXBuildFile; fileRef = 9B585DF014BCFEFB0027DB00 /* showbagFilter-under10.png */; };
		9B585DFA14BD2B720027DB00 /* ShowbagsTableCell.m in Sources */ = {isa = PBXBuildFile; fileRef = 9B585DF814BD2B710027DB00 /* ShowbagsTableCell.m */; };
		9B585DFB14BD2B720027DB00 /* ShowbagsTableCell.xib in Resources */ = {isa = PBXBuildFile; fileRef = 9B585DF914BD2B710027DB00 /* ShowbagsTableCell.xib */; };
		9B585E0C14BD2EC10027DB00 /* ASIDataCompressor.m in Sources */ = {isa = PBXBuildFile; fileRef = 9B585DFD14BD2EBC0027DB00 /* ASIDataCompressor.m */; };
		9B585E0D14BD2EC10027DB00 /* ASIDataDecompressor.m in Sources */ = {isa = PBXBuildFile; fileRef = 9B585DFF14BD2EBD0027DB00 /* ASIDataDecompressor.m */; };
		9B585E0E14BD2EC10027DB00 /* ASIInputStream.m in Sources */ = {isa = PBXBuildFile; fileRef = 9B585E0114BD2EBE0027DB00 /* ASIInputStream.m */; };
		9B585E0F14BD2EC10027DB00 /* ASIAuthenticationDialog.m in Sources */ = {isa = PBXBuildFile; fileRef = 9B585E0314BD2EBF0027DB00 /* ASIAuthenticationDialog.m */; };
		9B585E1014BD2EC10027DB00 /* ASIHTTPRequest.m in Sources */ = {isa = PBXBuildFile; fileRef = 9B585E0814BD2EC00027DB00 /* ASIHTTPRequest.m */; };
		9B585E1114BD2EC10027DB00 /* ASIDownloadCache.m in Sources */ = {isa = PBXBuildFile; fileRef = 9B585E0B14BD2EC10027DB00 /* ASIDownloadCache.m */; };
		9B585E1414BD2EDD0027DB00 /* ImageManager.m in Sources */ = {isa = PBXBuildFile; fileRef = 9B585E1314BD2EDC0027DB00 /* ImageManager.m */; };
		9B585E1614BD30C50027DB00 /* CFNetwork.framework in Frameworks */ = {isa = PBXBuildFile; fileRef = 9B585E1514BD30C50027DB00 /* CFNetwork.framework */; };
		9B585E1814BD30F60027DB00 /* MobileCoreServices.framework in Frameworks */ = {isa = PBXBuildFile; fileRef = 9B585E1714BD30F50027DB00 /* MobileCoreServices.framework */; };
		9B585E1A14BD31160027DB00 /* AVFoundation.framework in Frameworks */ = {isa = PBXBuildFile; fileRef = 9B585E1914BD31150027DB00 /* AVFoundation.framework */; };
		9B585E1C14BD31530027DB00 /* libz.dylib in Frameworks */ = {isa = PBXBuildFile; fileRef = 9B585E1B14BD31530027DB00 /* libz.dylib */; };
		9B585E2214BD3A340027DB00 /* placeholder-showbags-thumb.jpg in Resources */ = {isa = PBXBuildFile; fileRef = 9B585E2114BD3A340027DB00 /* placeholder-showbags-thumb.jpg */; };
		9B585E2614BD40EA0027DB00 /* ShowbagVC.m in Sources */ = {isa = PBXBuildFile; fileRef = 9B585E2414BD40E90027DB00 /* ShowbagVC.m */; };
		9B585E2714BD40EA0027DB00 /* ShowbagVC.xib in Resources */ = {isa = PBXBuildFile; fileRef = 9B585E2514BD40E90027DB00 /* ShowbagVC.xib */; };
		9B93B70014BBFEFC00FB31CE /* UIKit.framework in Frameworks */ = {isa = PBXBuildFile; fileRef = 9B93B6FF14BBFEFC00FB31CE /* UIKit.framework */; };
		9B93B70214BBFEFC00FB31CE /* Foundation.framework in Frameworks */ = {isa = PBXBuildFile; fileRef = 9B93B70114BBFEFC00FB31CE /* Foundation.framework */; };
		9B93B70414BBFEFC00FB31CE /* CoreGraphics.framework in Frameworks */ = {isa = PBXBuildFile; fileRef = 9B93B70314BBFEFC00FB31CE /* CoreGraphics.framework */; };
		9B93B70614BBFEFC00FB31CE /* CoreData.framework in Frameworks */ = {isa = PBXBuildFile; fileRef = 9B93B70514BBFEFC00FB31CE /* CoreData.framework */; };
		9B93B70C14BBFEFC00FB31CE /* InfoPlist.strings in Resources */ = {isa = PBXBuildFile; fileRef = 9B93B70A14BBFEFC00FB31CE /* InfoPlist.strings */; };
		9B93B70E14BBFEFC00FB31CE /* main.m in Sources */ = {isa = PBXBuildFile; fileRef = 9B93B70D14BBFEFC00FB31CE /* main.m */; };
		9B93B71214BBFEFC00FB31CE /* SRESAppDelegate.m in Sources */ = {isa = PBXBuildFile; fileRef = 9B93B71114BBFEFC00FB31CE /* SRESAppDelegate.m */; };
		9B93B71514BBFEFC00FB31CE /* Easter_Show.xcdatamodeld in Sources */ = {isa = PBXBuildFile; fileRef = 9B93B71314BBFEFC00FB31CE /* Easter_Show.xcdatamodeld */; };
		9B93B71D14BBFEFC00FB31CE /* SenTestingKit.framework in Frameworks */ = {isa = PBXBuildFile; fileRef = 9B93B71C14BBFEFC00FB31CE /* SenTestingKit.framework */; };
		9B93B71E14BBFEFC00FB31CE /* UIKit.framework in Frameworks */ = {isa = PBXBuildFile; fileRef = 9B93B6FF14BBFEFC00FB31CE /* UIKit.framework */; };
		9B93B71F14BBFEFC00FB31CE /* Foundation.framework in Frameworks */ = {isa = PBXBuildFile; fileRef = 9B93B70114BBFEFC00FB31CE /* Foundation.framework */; };
		9B93B72014BBFEFC00FB31CE /* CoreData.framework in Frameworks */ = {isa = PBXBuildFile; fileRef = 9B93B70514BBFEFC00FB31CE /* CoreData.framework */; };
		9B93B72814BBFEFC00FB31CE /* InfoPlist.strings in Resources */ = {isa = PBXBuildFile; fileRef = 9B93B72614BBFEFC00FB31CE /* InfoPlist.strings */; };
		9B93B72B14BBFEFC00FB31CE /* Easter_ShowTests.m in Sources */ = {isa = PBXBuildFile; fileRef = 9B93B72A14BBFEFC00FB31CE /* Easter_ShowTests.m */; };
		9B93B74014BC03BB00FB31CE /* MoreVC.m in Sources */ = {isa = PBXBuildFile; fileRef = 9B93B73E14BC03BB00FB31CE /* MoreVC.m */; };
		9B93B74114BC03BB00FB31CE /* MoreVC.xib in Resources */ = {isa = PBXBuildFile; fileRef = 9B93B73F14BC03BB00FB31CE /* MoreVC.xib */; };
		9B93B74514BC059200FB31CE /* ShowbagsMenuVC.m in Sources */ = {isa = PBXBuildFile; fileRef = 9B93B74314BC059100FB31CE /* ShowbagsMenuVC.m */; };
		9B93B74614BC059200FB31CE /* ShowbagsMenuVC.xib in Resources */ = {isa = PBXBuildFile; fileRef = 9B93B74414BC059200FB31CE /* ShowbagsMenuVC.xib */; };
		9B93B75514BC0B6800FB31CE /* StringHelper.m in Sources */ = {isa = PBXBuildFile; fileRef = 9B93B75414BC0B6800FB31CE /* StringHelper.m */; };
		9B93B75814BC0B7B00FB31CE /* DataHelper.m in Sources */ = {isa = PBXBuildFile; fileRef = 9B93B75714BC0B7B00FB31CE /* DataHelper.m */; };
		9B93B75B14BC0CCF00FB31CE /* XMLFetcher.m in Sources */ = {isa = PBXBuildFile; fileRef = 9B93B75A14BC0CCF00FB31CE /* XMLFetcher.m */; };
		9B93B75E14BC0CDE00FB31CE /* XPathResultNode.m in Sources */ = {isa = PBXBuildFile; fileRef = 9B93B75D14BC0CDE00FB31CE /* XPathResultNode.m */; };
		9B93B76114BC0CF000FB31CE /* HTTPFetcher.m in Sources */ = {isa = PBXBuildFile; fileRef = 9B93B76014BC0CF000FB31CE /* HTTPFetcher.m */; };
		9B93B76314BC0D1F00FB31CE /* libxml2.dylib in Frameworks */ = {isa = PBXBuildFile; fileRef = 9B93B76214BC0D1F00FB31CE /* libxml2.dylib */; };
		9B93B76514BC0D2A00FB31CE /* CoreLocation.framework in Frameworks */ = {isa = PBXBuildFile; fileRef = 9B93B76414BC0D2A00FB31CE /* CoreLocation.framework */; };
		9B93B76714BC0D3900FB31CE /* SystemConfiguration.framework in Frameworks */ = {isa = PBXBuildFile; fileRef = 9B93B76614BC0D3900FB31CE /* SystemConfiguration.framework */; };
		9B93B76914BC0D4D00FB31CE /* MessageUI.framework in Frameworks */ = {isa = PBXBuildFile; fileRef = 9B93B76814BC0D4D00FB31CE /* MessageUI.framework */; };
		9BD0728A14BCE434002D297F /* Reachability.m in Sources */ = {isa = PBXBuildFile; fileRef = 9BD0728914BCE434002D297F /* Reachability.m */; };
		9BD0729114BCE4AF002D297F /* Security.framework in Frameworks */ = {isa = PBXBuildFile; fileRef = 9BD0729014BCE4AF002D297F /* Security.framework */; };
		9BD0729314BCE687002D297F /* QuartzCore.framework in Frameworks */ = {isa = PBXBuildFile; fileRef = 9BD0729214BCE687002D297F /* QuartzCore.framework */; };
		9BD0729714BCE69F002D297F /* SVProgressHUD.m in Sources */ = {isa = PBXBuildFile; fileRef = 9BD0729514BCE69F002D297F /* SVProgressHUD.m */; };
		9BD0729814BCE69F002D297F /* SVProgressHUD.bundle in Resources */ = {isa = PBXBuildFile; fileRef = 9BD0729614BCE69F002D297F /* SVProgressHUD.bundle */; };
/* End PBXBuildFile section */

/* Begin PBXContainerItemProxy section */
		9B93B72114BBFEFC00FB31CE /* PBXContainerItemProxy */ = {
			isa = PBXContainerItemProxy;
			containerPortal = 9B93B6F214BBFEFB00FB31CE /* Project object */;
			proxyType = 1;
			remoteGlobalIDString = 9B93B6FA14BBFEFC00FB31CE;
			remoteInfo = "Easter Show";
		};
/* End PBXContainerItemProxy section */

/* Begin PBXFileReference section */
		9B585DE314BCF0770027DB00 /* Showbag.h */ = {isa = PBXFileReference; fileEncoding = 4; lastKnownFileType = sourcecode.c.h; path = Showbag.h; sourceTree = "<group>"; };
		9B585DE414BCF0770027DB00 /* Showbag.m */ = {isa = PBXFileReference; fileEncoding = 4; lastKnownFileType = sourcecode.c.objc; path = Showbag.m; sourceTree = "<group>"; };
		9B585DEB14BCFEFB0027DB00 /* showbagFilter-10-17-on.png */ = {isa = PBXFileReference; lastKnownFileType = image.png; path = "showbagFilter-10-17-on.png"; sourceTree = "<group>"; };
		9B585DEC14BCFEFB0027DB00 /* showbagFilter-10-17.png */ = {isa = PBXFileReference; lastKnownFileType = image.png; path = "showbagFilter-10-17.png"; sourceTree = "<group>"; };
		9B585DED14BCFEFB0027DB00 /* showbagFilter-over17-on.png */ = {isa = PBXFileReference; lastKnownFileType = image.png; path = "showbagFilter-over17-on.png"; sourceTree = "<group>"; };
		9B585DEE14BCFEFB0027DB00 /* showbagFilter-over17.png */ = {isa = PBXFileReference; lastKnownFileType = image.png; path = "showbagFilter-over17.png"; sourceTree = "<group>"; };
		9B585DEF14BCFEFB0027DB00 /* showbagFilter-under10-on.png */ = {isa = PBXFileReference; lastKnownFileType = image.png; path = "showbagFilter-under10-on.png"; sourceTree = "<group>"; };
		9B585DF014BCFEFB0027DB00 /* showbagFilter-under10.png */ = {isa = PBXFileReference; lastKnownFileType = image.png; path = "showbagFilter-under10.png"; sourceTree = "<group>"; };
		9B585DF714BD2B710027DB00 /* ShowbagsTableCell.h */ = {isa = PBXFileReference; fileEncoding = 4; lastKnownFileType = sourcecode.c.h; path = ShowbagsTableCell.h; sourceTree = "<group>"; };
		9B585DF814BD2B710027DB00 /* ShowbagsTableCell.m */ = {isa = PBXFileReference; fileEncoding = 4; lastKnownFileType = sourcecode.c.objc; path = ShowbagsTableCell.m; sourceTree = "<group>"; };
		9B585DF914BD2B710027DB00 /* ShowbagsTableCell.xib */ = {isa = PBXFileReference; fileEncoding = 4; lastKnownFileType = file.xib; path = ShowbagsTableCell.xib; sourceTree = "<group>"; };
		9B585DFC14BD2EBC0027DB00 /* ASIDataCompressor.h */ = {isa = PBXFileReference; fileEncoding = 4; lastKnownFileType = sourcecode.c.h; path = ASIDataCompressor.h; sourceTree = "<group>"; };
		9B585DFD14BD2EBC0027DB00 /* ASIDataCompressor.m */ = {isa = PBXFileReference; fileEncoding = 4; lastKnownFileType = sourcecode.c.objc; path = ASIDataCompressor.m; sourceTree = "<group>"; };
		9B585DFE14BD2EBC0027DB00 /* ASIDataDecompressor.h */ = {isa = PBXFileReference; fileEncoding = 4; lastKnownFileType = sourcecode.c.h; path = ASIDataDecompressor.h; sourceTree = "<group>"; };
		9B585DFF14BD2EBD0027DB00 /* ASIDataDecompressor.m */ = {isa = PBXFileReference; fileEncoding = 4; lastKnownFileType = sourcecode.c.objc; path = ASIDataDecompressor.m; sourceTree = "<group>"; };
		9B585E0014BD2EBD0027DB00 /* ASIInputStream.h */ = {isa = PBXFileReference; fileEncoding = 4; lastKnownFileType = sourcecode.c.h; path = ASIInputStream.h; sourceTree = "<group>"; };
		9B585E0114BD2EBE0027DB00 /* ASIInputStream.m */ = {isa = PBXFileReference; fileEncoding = 4; lastKnownFileType = sourcecode.c.objc; path = ASIInputStream.m; sourceTree = "<group>"; };
		9B585E0214BD2EBE0027DB00 /* ASIAuthenticationDialog.h */ = {isa = PBXFileReference; fileEncoding = 4; lastKnownFileType = sourcecode.c.h; path = ASIAuthenticationDialog.h; sourceTree = "<group>"; };
		9B585E0314BD2EBF0027DB00 /* ASIAuthenticationDialog.m */ = {isa = PBXFileReference; fileEncoding = 4; lastKnownFileType = sourcecode.c.objc; path = ASIAuthenticationDialog.m; sourceTree = "<group>"; };
		9B585E0414BD2EBF0027DB00 /* ASIProgressDelegate.h */ = {isa = PBXFileReference; fileEncoding = 4; lastKnownFileType = sourcecode.c.h; path = ASIProgressDelegate.h; sourceTree = "<group>"; };
		9B585E0514BD2EBF0027DB00 /* ASIHTTPRequestDelegate.h */ = {isa = PBXFileReference; fileEncoding = 4; lastKnownFileType = sourcecode.c.h; path = ASIHTTPRequestDelegate.h; sourceTree = "<group>"; };
		9B585E0614BD2EC00027DB00 /* ASIHTTPRequestConfig.h */ = {isa = PBXFileReference; fileEncoding = 4; lastKnownFileType = sourcecode.c.h; path = ASIHTTPRequestConfig.h; sourceTree = "<group>"; };
		9B585E0714BD2EC00027DB00 /* ASIHTTPRequest.h */ = {isa = PBXFileReference; fileEncoding = 4; lastKnownFileType = sourcecode.c.h; path = ASIHTTPRequest.h; sourceTree = "<group>"; };
		9B585E0814BD2EC00027DB00 /* ASIHTTPRequest.m */ = {isa = PBXFileReference; fileEncoding = 4; lastKnownFileType = sourcecode.c.objc; path = ASIHTTPRequest.m; sourceTree = "<group>"; };
		9B585E0914BD2EC00027DB00 /* ASICacheDelegate.h */ = {isa = PBXFileReference; fileEncoding = 4; lastKnownFileType = sourcecode.c.h; path = ASICacheDelegate.h; sourceTree = "<group>"; };
		9B585E0A14BD2EC10027DB00 /* ASIDownloadCache.h */ = {isa = PBXFileReference; fileEncoding = 4; lastKnownFileType = sourcecode.c.h; path = ASIDownloadCache.h; sourceTree = "<group>"; };
		9B585E0B14BD2EC10027DB00 /* ASIDownloadCache.m */ = {isa = PBXFileReference; fileEncoding = 4; lastKnownFileType = sourcecode.c.objc; path = ASIDownloadCache.m; sourceTree = "<group>"; };
		9B585E1214BD2EDC0027DB00 /* ImageManager.h */ = {isa = PBXFileReference; fileEncoding = 4; lastKnownFileType = sourcecode.c.h; path = ImageManager.h; sourceTree = "<group>"; };
		9B585E1314BD2EDC0027DB00 /* ImageManager.m */ = {isa = PBXFileReference; fileEncoding = 4; lastKnownFileType = sourcecode.c.objc; path = ImageManager.m; sourceTree = "<group>"; };
		9B585E1514BD30C50027DB00 /* CFNetwork.framework */ = {isa = PBXFileReference; lastKnownFileType = wrapper.framework; name = CFNetwork.framework; path = System/Library/Frameworks/CFNetwork.framework; sourceTree = SDKROOT; };
		9B585E1714BD30F50027DB00 /* MobileCoreServices.framework */ = {isa = PBXFileReference; lastKnownFileType = wrapper.framework; name = MobileCoreServices.framework; path = System/Library/Frameworks/MobileCoreServices.framework; sourceTree = SDKROOT; };
		9B585E1914BD31150027DB00 /* AVFoundation.framework */ = {isa = PBXFileReference; lastKnownFileType = wrapper.framework; name = AVFoundation.framework; path = System/Library/Frameworks/AVFoundation.framework; sourceTree = SDKROOT; };
		9B585E1B14BD31530027DB00 /* libz.dylib */ = {isa = PBXFileReference; lastKnownFileType = "compiled.mach-o.dylib"; name = libz.dylib; path = usr/lib/libz.dylib; sourceTree = SDKROOT; };
		9B585E2114BD3A340027DB00 /* placeholder-showbags-thumb.jpg */ = {isa = PBXFileReference; lastKnownFileType = image.jpeg; path = "placeholder-showbags-thumb.jpg"; sourceTree = "<group>"; };
		9B585E2314BD40E90027DB00 /* ShowbagVC.h */ = {isa = PBXFileReference; fileEncoding = 4; lastKnownFileType = sourcecode.c.h; path = ShowbagVC.h; sourceTree = "<group>"; };
		9B585E2414BD40E90027DB00 /* ShowbagVC.m */ = {isa = PBXFileReference; fileEncoding = 4; lastKnownFileType = sourcecode.c.objc; path = ShowbagVC.m; sourceTree = "<group>"; };
		9B585E2514BD40E90027DB00 /* ShowbagVC.xib */ = {isa = PBXFileReference; fileEncoding = 4; lastKnownFileType = file.xib; path = ShowbagVC.xib; sourceTree = "<group>"; };
		9B93B6FB14BBFEFC00FB31CE /* Easter Show.app */ = {isa = PBXFileReference; explicitFileType = wrapper.application; includeInIndex = 0; path = "Easter Show.app"; sourceTree = BUILT_PRODUCTS_DIR; };
		9B93B6FF14BBFEFC00FB31CE /* UIKit.framework */ = {isa = PBXFileReference; lastKnownFileType = wrapper.framework; name = UIKit.framework; path = System/Library/Frameworks/UIKit.framework; sourceTree = SDKROOT; };
		9B93B70114BBFEFC00FB31CE /* Foundation.framework */ = {isa = PBXFileReference; lastKnownFileType = wrapper.framework; name = Foundation.framework; path = System/Library/Frameworks/Foundation.framework; sourceTree = SDKROOT; };
		9B93B70314BBFEFC00FB31CE /* CoreGraphics.framework */ = {isa = PBXFileReference; lastKnownFileType = wrapper.framework; name = CoreGraphics.framework; path = System/Library/Frameworks/CoreGraphics.framework; sourceTree = SDKROOT; };
		9B93B70514BBFEFC00FB31CE /* CoreData.framework */ = {isa = PBXFileReference; lastKnownFileType = wrapper.framework; name = CoreData.framework; path = System/Library/Frameworks/CoreData.framework; sourceTree = SDKROOT; };
		9B93B70914BBFEFC00FB31CE /* Easter Show-Info.plist */ = {isa = PBXFileReference; lastKnownFileType = text.plist.xml; path = "Easter Show-Info.plist"; sourceTree = "<group>"; };
		9B93B70B14BBFEFC00FB31CE /* en */ = {isa = PBXFileReference; lastKnownFileType = text.plist.strings; name = en; path = en.lproj/InfoPlist.strings; sourceTree = "<group>"; };
		9B93B70D14BBFEFC00FB31CE /* main.m */ = {isa = PBXFileReference; lastKnownFileType = sourcecode.c.objc; path = main.m; sourceTree = "<group>"; };
		9B93B70F14BBFEFC00FB31CE /* Easter Show-Prefix.pch */ = {isa = PBXFileReference; lastKnownFileType = sourcecode.c.h; path = "Easter Show-Prefix.pch"; sourceTree = "<group>"; };
		9B93B71014BBFEFC00FB31CE /* SRESAppDelegate.h */ = {isa = PBXFileReference; lastKnownFileType = sourcecode.c.h; path = SRESAppDelegate.h; sourceTree = "<group>"; };
		9B93B71114BBFEFC00FB31CE /* SRESAppDelegate.m */ = {isa = PBXFileReference; lastKnownFileType = sourcecode.c.objc; path = SRESAppDelegate.m; sourceTree = "<group>"; };
		9B93B71414BBFEFC00FB31CE /* Easter_Show.xcdatamodel */ = {isa = PBXFileReference; lastKnownFileType = wrapper.xcdatamodel; path = Easter_Show.xcdatamodel; sourceTree = "<group>"; };
		9B93B71B14BBFEFC00FB31CE /* Easter ShowTests.octest */ = {isa = PBXFileReference; explicitFileType = wrapper.cfbundle; includeInIndex = 0; path = "Easter ShowTests.octest"; sourceTree = BUILT_PRODUCTS_DIR; };
		9B93B71C14BBFEFC00FB31CE /* SenTestingKit.framework */ = {isa = PBXFileReference; lastKnownFileType = wrapper.framework; name = SenTestingKit.framework; path = Library/Frameworks/SenTestingKit.framework; sourceTree = DEVELOPER_DIR; };
		9B93B72514BBFEFC00FB31CE /* Easter ShowTests-Info.plist */ = {isa = PBXFileReference; lastKnownFileType = text.plist.xml; path = "Easter ShowTests-Info.plist"; sourceTree = "<group>"; };
		9B93B72714BBFEFC00FB31CE /* en */ = {isa = PBXFileReference; lastKnownFileType = text.plist.strings; name = en; path = en.lproj/InfoPlist.strings; sourceTree = "<group>"; };
		9B93B72914BBFEFC00FB31CE /* Easter_ShowTests.h */ = {isa = PBXFileReference; lastKnownFileType = sourcecode.c.h; path = Easter_ShowTests.h; sourceTree = "<group>"; };
		9B93B72A14BBFEFC00FB31CE /* Easter_ShowTests.m */ = {isa = PBXFileReference; lastKnownFileType = sourcecode.c.objc; path = Easter_ShowTests.m; sourceTree = "<group>"; };
		9B93B73D14BC03BB00FB31CE /* MoreVC.h */ = {isa = PBXFileReference; fileEncoding = 4; lastKnownFileType = sourcecode.c.h; path = MoreVC.h; sourceTree = "<group>"; };
		9B93B73E14BC03BB00FB31CE /* MoreVC.m */ = {isa = PBXFileReference; fileEncoding = 4; lastKnownFileType = sourcecode.c.objc; path = MoreVC.m; sourceTree = "<group>"; };
		9B93B73F14BC03BB00FB31CE /* MoreVC.xib */ = {isa = PBXFileReference; fileEncoding = 4; lastKnownFileType = file.xib; path = MoreVC.xib; sourceTree = "<group>"; };
		9B93B74214BC059100FB31CE /* ShowbagsMenuVC.h */ = {isa = PBXFileReference; fileEncoding = 4; lastKnownFileType = sourcecode.c.h; path = ShowbagsMenuVC.h; sourceTree = "<group>"; };
		9B93B74314BC059100FB31CE /* ShowbagsMenuVC.m */ = {isa = PBXFileReference; fileEncoding = 4; lastKnownFileType = sourcecode.c.objc; path = ShowbagsMenuVC.m; sourceTree = "<group>"; };
		9B93B74414BC059200FB31CE /* ShowbagsMenuVC.xib */ = {isa = PBXFileReference; fileEncoding = 4; lastKnownFileType = file.xib; path = ShowbagsMenuVC.xib; sourceTree = "<group>"; };
		9B93B75314BC0B6800FB31CE /* StringHelper.h */ = {isa = PBXFileReference; fileEncoding = 4; lastKnownFileType = sourcecode.c.h; path = StringHelper.h; sourceTree = "<group>"; };
		9B93B75414BC0B6800FB31CE /* StringHelper.m */ = {isa = PBXFileReference; fileEncoding = 4; lastKnownFileType = sourcecode.c.objc; path = StringHelper.m; sourceTree = "<group>"; };
		9B93B75614BC0B7B00FB31CE /* DataHelper.h */ = {isa = PBXFileReference; fileEncoding = 4; lastKnownFileType = sourcecode.c.h; path = DataHelper.h; sourceTree = "<group>"; };
		9B93B75714BC0B7B00FB31CE /* DataHelper.m */ = {isa = PBXFileReference; fileEncoding = 4; lastKnownFileType = sourcecode.c.objc; path = DataHelper.m; sourceTree = "<group>"; };
		9B93B75914BC0CCF00FB31CE /* XMLFetcher.h */ = {isa = PBXFileReference; fileEncoding = 4; lastKnownFileType = sourcecode.c.h; path = XMLFetcher.h; sourceTree = "<group>"; };
		9B93B75A14BC0CCF00FB31CE /* XMLFetcher.m */ = {isa = PBXFileReference; fileEncoding = 4; lastKnownFileType = sourcecode.c.objc; path = XMLFetcher.m; sourceTree = "<group>"; };
		9B93B75C14BC0CDE00FB31CE /* XPathResultNode.h */ = {isa = PBXFileReference; fileEncoding = 4; lastKnownFileType = sourcecode.c.h; path = XPathResultNode.h; sourceTree = "<group>"; };
		9B93B75D14BC0CDE00FB31CE /* XPathResultNode.m */ = {isa = PBXFileReference; fileEncoding = 4; lastKnownFileType = sourcecode.c.objc; path = XPathResultNode.m; sourceTree = "<group>"; };
		9B93B75F14BC0CF000FB31CE /* HTTPFetcher.h */ = {isa = PBXFileReference; fileEncoding = 4; lastKnownFileType = sourcecode.c.h; path = HTTPFetcher.h; sourceTree = "<group>"; };
		9B93B76014BC0CF000FB31CE /* HTTPFetcher.m */ = {isa = PBXFileReference; fileEncoding = 4; lastKnownFileType = sourcecode.c.objc; path = HTTPFetcher.m; sourceTree = "<group>"; };
		9B93B76214BC0D1F00FB31CE /* libxml2.dylib */ = {isa = PBXFileReference; lastKnownFileType = "compiled.mach-o.dylib"; name = libxml2.dylib; path = usr/lib/libxml2.dylib; sourceTree = SDKROOT; };
		9B93B76414BC0D2A00FB31CE /* CoreLocation.framework */ = {isa = PBXFileReference; lastKnownFileType = wrapper.framework; name = CoreLocation.framework; path = System/Library/Frameworks/CoreLocation.framework; sourceTree = SDKROOT; };
		9B93B76614BC0D3900FB31CE /* SystemConfiguration.framework */ = {isa = PBXFileReference; lastKnownFileType = wrapper.framework; name = SystemConfiguration.framework; path = System/Library/Frameworks/SystemConfiguration.framework; sourceTree = SDKROOT; };
		9B93B76814BC0D4D00FB31CE /* MessageUI.framework */ = {isa = PBXFileReference; lastKnownFileType = wrapper.framework; name = MessageUI.framework; path = System/Library/Frameworks/MessageUI.framework; sourceTree = SDKROOT; };
		9BD0728814BCE434002D297F /* Reachability.h */ = {isa = PBXFileReference; fileEncoding = 4; lastKnownFileType = sourcecode.c.h; path = Reachability.h; sourceTree = "<group>"; };
		9BD0728914BCE434002D297F /* Reachability.m */ = {isa = PBXFileReference; fileEncoding = 4; lastKnownFileType = sourcecode.c.objc; path = Reachability.m; sourceTree = "<group>"; };
		9BD0729014BCE4AF002D297F /* Security.framework */ = {isa = PBXFileReference; lastKnownFileType = wrapper.framework; name = Security.framework; path = System/Library/Frameworks/Security.framework; sourceTree = SDKROOT; };
		9BD0729214BCE687002D297F /* QuartzCore.framework */ = {isa = PBXFileReference; lastKnownFileType = wrapper.framework; name = QuartzCore.framework; path = System/Library/Frameworks/QuartzCore.framework; sourceTree = SDKROOT; };
		9BD0729414BCE69F002D297F /* SVProgressHUD.h */ = {isa = PBXFileReference; fileEncoding = 4; lastKnownFileType = sourcecode.c.h; path = SVProgressHUD.h; sourceTree = "<group>"; };
		9BD0729514BCE69F002D297F /* SVProgressHUD.m */ = {isa = PBXFileReference; fileEncoding = 4; lastKnownFileType = sourcecode.c.objc; path = SVProgressHUD.m; sourceTree = "<group>"; };
		9BD0729614BCE69F002D297F /* SVProgressHUD.bundle */ = {isa = PBXFileReference; lastKnownFileType = "wrapper.plug-in"; path = SVProgressHUD.bundle; sourceTree = "<group>"; };
/* End PBXFileReference section */

/* Begin PBXFrameworksBuildPhase section */
		9B93B6F814BBFEFC00FB31CE /* Frameworks */ = {
			isa = PBXFrameworksBuildPhase;
			buildActionMask = 2147483647;
			files = (
				9B585E1C14BD31530027DB00 /* libz.dylib in Frameworks */,
				9B585E1A14BD31160027DB00 /* AVFoundation.framework in Frameworks */,
				9B585E1814BD30F60027DB00 /* MobileCoreServices.framework in Frameworks */,
				9B585E1614BD30C50027DB00 /* CFNetwork.framework in Frameworks */,
				9BD0729314BCE687002D297F /* QuartzCore.framework in Frameworks */,
				9BD0729114BCE4AF002D297F /* Security.framework in Frameworks */,
				9B93B76314BC0D1F00FB31CE /* libxml2.dylib in Frameworks */,
				9B93B76914BC0D4D00FB31CE /* MessageUI.framework in Frameworks */,
				9B93B76714BC0D3900FB31CE /* SystemConfiguration.framework in Frameworks */,
				9B93B76514BC0D2A00FB31CE /* CoreLocation.framework in Frameworks */,
				9B93B70014BBFEFC00FB31CE /* UIKit.framework in Frameworks */,
				9B93B70214BBFEFC00FB31CE /* Foundation.framework in Frameworks */,
				9B93B70414BBFEFC00FB31CE /* CoreGraphics.framework in Frameworks */,
				9B93B70614BBFEFC00FB31CE /* CoreData.framework in Frameworks */,
			);
			runOnlyForDeploymentPostprocessing = 0;
		};
		9B93B71714BBFEFC00FB31CE /* Frameworks */ = {
			isa = PBXFrameworksBuildPhase;
			buildActionMask = 2147483647;
			files = (
				9B93B71D14BBFEFC00FB31CE /* SenTestingKit.framework in Frameworks */,
				9B93B71E14BBFEFC00FB31CE /* UIKit.framework in Frameworks */,
				9B93B71F14BBFEFC00FB31CE /* Foundation.framework in Frameworks */,
				9B93B72014BBFEFC00FB31CE /* CoreData.framework in Frameworks */,
			);
			runOnlyForDeploymentPostprocessing = 0;
		};
/* End PBXFrameworksBuildPhase section */

/* Begin PBXGroup section */
		9B585DEA14BCFEED0027DB00 /* Test Images */ = {
			isa = PBXGroup;
			children = (
				9B585E2114BD3A340027DB00 /* placeholder-showbags-thumb.jpg */,
				9B585DEB14BCFEFB0027DB00 /* showbagFilter-10-17-on.png */,
				9B585DEC14BCFEFB0027DB00 /* showbagFilter-10-17.png */,
				9B585DED14BCFEFB0027DB00 /* showbagFilter-over17-on.png */,
				9B585DEE14BCFEFB0027DB00 /* showbagFilter-over17.png */,
				9B585DEF14BCFEFB0027DB00 /* showbagFilter-under10-on.png */,
				9B585DF014BCFEFB0027DB00 /* showbagFilter-under10.png */,
			);
			name = "Test Images";
			sourceTree = "<group>";
		};
		9B93B6F014BBFEFB00FB31CE = {
			isa = PBXGroup;
			children = (
				9B93B70714BBFEFC00FB31CE /* Easter Show */,
				9B93B72314BBFEFC00FB31CE /* Easter ShowTests */,
				9B93B6FE14BBFEFC00FB31CE /* Frameworks */,
				9B93B6FC14BBFEFC00FB31CE /* Products */,
			);
			sourceTree = "<group>";
		};
		9B93B6FC14BBFEFC00FB31CE /* Products */ = {
			isa = PBXGroup;
			children = (
				9B93B6FB14BBFEFC00FB31CE /* Easter Show.app */,
				9B93B71B14BBFEFC00FB31CE /* Easter ShowTests.octest */,
			);
			name = Products;
			sourceTree = "<group>";
		};
		9B93B6FE14BBFEFC00FB31CE /* Frameworks */ = {
			isa = PBXGroup;
			children = (
				9B585E1B14BD31530027DB00 /* libz.dylib */,
				9B585E1914BD31150027DB00 /* AVFoundation.framework */,
				9B585E1714BD30F50027DB00 /* MobileCoreServices.framework */,
				9B585E1514BD30C50027DB00 /* CFNetwork.framework */,
				9BD0729214BCE687002D297F /* QuartzCore.framework */,
				9BD0729014BCE4AF002D297F /* Security.framework */,
				9B93B76814BC0D4D00FB31CE /* MessageUI.framework */,
				9B93B76614BC0D3900FB31CE /* SystemConfiguration.framework */,
				9B93B76414BC0D2A00FB31CE /* CoreLocation.framework */,
				9B93B76214BC0D1F00FB31CE /* libxml2.dylib */,
				9B93B6FF14BBFEFC00FB31CE /* UIKit.framework */,
				9B93B70114BBFEFC00FB31CE /* Foundation.framework */,
				9B93B70314BBFEFC00FB31CE /* CoreGraphics.framework */,
				9B93B70514BBFEFC00FB31CE /* CoreData.framework */,
				9B93B71C14BBFEFC00FB31CE /* SenTestingKit.framework */,
			);
			name = Frameworks;
			sourceTree = "<group>";
		};
		9B93B70714BBFEFC00FB31CE /* Easter Show */ = {
			isa = PBXGroup;
			children = (
				9B585DEA14BCFEED0027DB00 /* Test Images */,
				9B93B73814BC025D00FB31CE /* More */,
				9B93B73714BC025700FB31CE /* Offers */,
				9B93B73614BC024F00FB31CE /* Favourites */,
				9B93B73514BC024800FB31CE /* Events */,
				9B93B73414BC024000FB31CE /* Maps */,
				9B93B71014BBFEFC00FB31CE /* SRESAppDelegate.h */,
				9B93B71114BBFEFC00FB31CE /* SRESAppDelegate.m */,
				9B585DFC14BD2EBC0027DB00 /* ASIDataCompressor.h */,
				9B585DFD14BD2EBC0027DB00 /* ASIDataCompressor.m */,
				9B585DFE14BD2EBC0027DB00 /* ASIDataDecompressor.h */,
				9B585DFF14BD2EBD0027DB00 /* ASIDataDecompressor.m */,
				9B585E0014BD2EBD0027DB00 /* ASIInputStream.h */,
				9B585E0114BD2EBE0027DB00 /* ASIInputStream.m */,
				9B585E0214BD2EBE0027DB00 /* ASIAuthenticationDialog.h */,
				9B585E0314BD2EBF0027DB00 /* ASIAuthenticationDialog.m */,
				9B585E0414BD2EBF0027DB00 /* ASIProgressDelegate.h */,
				9B585E0514BD2EBF0027DB00 /* ASIHTTPRequestDelegate.h */,
				9B585E0614BD2EC00027DB00 /* ASIHTTPRequestConfig.h */,
				9B585E0714BD2EC00027DB00 /* ASIHTTPRequest.h */,
				9B585E0814BD2EC00027DB00 /* ASIHTTPRequest.m */,
				9B585E0914BD2EC00027DB00 /* ASICacheDelegate.h */,
				9B585E0A14BD2EC10027DB00 /* ASIDownloadCache.h */,
				9B585E0B14BD2EC10027DB00 /* ASIDownloadCache.m */,
				9B585E1214BD2EDC0027DB00 /* ImageManager.h */,
				9B585E1314BD2EDC0027DB00 /* ImageManager.m */,
				9B93B71314BBFEFC00FB31CE /* Easter_Show.xcdatamodeld */,
				9B585DF714BD2B710027DB00 /* ShowbagsTableCell.h */,
				9B585DF814BD2B710027DB00 /* ShowbagsTableCell.m */,
				9B585DF914BD2B710027DB00 /* ShowbagsTableCell.xib */,
				9B585DE314BCF0770027DB00 /* Showbag.h */,
				9B585DE414BCF0770027DB00 /* Showbag.m */,
				9BD0729414BCE69F002D297F /* SVProgressHUD.h */,
				9BD0729514BCE69F002D297F /* SVProgressHUD.m */,
				9BD0729614BCE69F002D297F /* SVProgressHUD.bundle */,
				9BD0728814BCE434002D297F /* Reachability.h */,
				9BD0728914BCE434002D297F /* Reachability.m */,
				9B93B75C14BC0CDE00FB31CE /* XPathResultNode.h */,
				9B93B75D14BC0CDE00FB31CE /* XPathResultNode.m */,
				9B93B75F14BC0CF000FB31CE /* HTTPFetcher.h */,
				9B93B76014BC0CF000FB31CE /* HTTPFetcher.m */,
				9B93B75914BC0CCF00FB31CE /* XMLFetcher.h */,
				9B93B75A14BC0CCF00FB31CE /* XMLFetcher.m */,
				9B93B75614BC0B7B00FB31CE /* DataHelper.h */,
				9B93B75714BC0B7B00FB31CE /* DataHelper.m */,
				9B93B75314BC0B6800FB31CE /* StringHelper.h */,
				9B93B75414BC0B6800FB31CE /* StringHelper.m */,
				9B93B70814BBFEFC00FB31CE /* Supporting Files */,
			);
			path = "Easter Show";
			sourceTree = "<group>";
		};
		9B93B70814BBFEFC00FB31CE /* Supporting Files */ = {
			isa = PBXGroup;
			children = (
				9B93B70914BBFEFC00FB31CE /* Easter Show-Info.plist */,
				9B93B70A14BBFEFC00FB31CE /* InfoPlist.strings */,
				9B93B70D14BBFEFC00FB31CE /* main.m */,
				9B93B70F14BBFEFC00FB31CE /* Easter Show-Prefix.pch */,
			);
			name = "Supporting Files";
			sourceTree = "<group>";
		};
		9B93B72314BBFEFC00FB31CE /* Easter ShowTests */ = {
			isa = PBXGroup;
			children = (
				9B93B72914BBFEFC00FB31CE /* Easter_ShowTests.h */,
				9B93B72A14BBFEFC00FB31CE /* Easter_ShowTests.m */,
				9B93B72414BBFEFC00FB31CE /* Supporting Files */,
			);
			path = "Easter ShowTests";
			sourceTree = "<group>";
		};
		9B93B72414BBFEFC00FB31CE /* Supporting Files */ = {
			isa = PBXGroup;
			children = (
				9B93B72514BBFEFC00FB31CE /* Easter ShowTests-Info.plist */,
				9B93B72614BBFEFC00FB31CE /* InfoPlist.strings */,
			);
			name = "Supporting Files";
			sourceTree = "<group>";
		};
		9B93B73414BC024000FB31CE /* Maps */ = {
			isa = PBXGroup;
			children = (
			);
			name = Maps;
			sourceTree = "<group>";
		};
		9B93B73514BC024800FB31CE /* Events */ = {
			isa = PBXGroup;
			children = (
			);
			name = Events;
			sourceTree = "<group>";
		};
		9B93B73614BC024F00FB31CE /* Favourites */ = {
			isa = PBXGroup;
			children = (
			);
			name = Favourites;
			sourceTree = "<group>";
		};
		9B93B73714BC025700FB31CE /* Offers */ = {
			isa = PBXGroup;
			children = (
			);
			name = Offers;
			sourceTree = "<group>";
		};
		9B93B73814BC025D00FB31CE /* More */ = {
			isa = PBXGroup;
			children = (
				9B585E2314BD40E90027DB00 /* ShowbagVC.h */,
				9B585E2414BD40E90027DB00 /* ShowbagVC.m */,
				9B585E2514BD40E90027DB00 /* ShowbagVC.xib */,
				9B93B74214BC059100FB31CE /* ShowbagsMenuVC.h */,
				9B93B74314BC059100FB31CE /* ShowbagsMenuVC.m */,
				9B93B74414BC059200FB31CE /* ShowbagsMenuVC.xib */,
				9B93B73D14BC03BB00FB31CE /* MoreVC.h */,
				9B93B73E14BC03BB00FB31CE /* MoreVC.m */,
				9B93B73F14BC03BB00FB31CE /* MoreVC.xib */,
			);
			name = More;
			sourceTree = "<group>";
		};
/* End PBXGroup section */

/* Begin PBXNativeTarget section */
		9B93B6FA14BBFEFC00FB31CE /* Easter Show */ = {
			isa = PBXNativeTarget;
			buildConfigurationList = 9B93B72E14BBFEFC00FB31CE /* Build configuration list for PBXNativeTarget "Easter Show" */;
			buildPhases = (
				9B93B6F714BBFEFC00FB31CE /* Sources */,
				9B93B6F814BBFEFC00FB31CE /* Frameworks */,
				9B93B6F914BBFEFC00FB31CE /* Resources */,
			);
			buildRules = (
			);
			dependencies = (
			);
			name = "Easter Show";
			productName = "Easter Show";
			productReference = 9B93B6FB14BBFEFC00FB31CE /* Easter Show.app */;
			productType = "com.apple.product-type.application";
		};
		9B93B71A14BBFEFC00FB31CE /* Easter ShowTests */ = {
			isa = PBXNativeTarget;
			buildConfigurationList = 9B93B73114BBFEFC00FB31CE /* Build configuration list for PBXNativeTarget "Easter ShowTests" */;
			buildPhases = (
				9B93B71614BBFEFC00FB31CE /* Sources */,
				9B93B71714BBFEFC00FB31CE /* Frameworks */,
				9B93B71814BBFEFC00FB31CE /* Resources */,
				9B93B71914BBFEFC00FB31CE /* ShellScript */,
			);
			buildRules = (
			);
			dependencies = (
				9B93B72214BBFEFC00FB31CE /* PBXTargetDependency */,
			);
			name = "Easter ShowTests";
			productName = "Easter ShowTests";
			productReference = 9B93B71B14BBFEFC00FB31CE /* Easter ShowTests.octest */;
			productType = "com.apple.product-type.bundle";
		};
/* End PBXNativeTarget section */

/* Begin PBXProject section */
		9B93B6F214BBFEFB00FB31CE /* Project object */ = {
			isa = PBXProject;
			attributes = {
				LastUpgradeCheck = 0420;
			};
			buildConfigurationList = 9B93B6F514BBFEFB00FB31CE /* Build configuration list for PBXProject "Easter Show" */;
			compatibilityVersion = "Xcode 3.2";
			developmentRegion = English;
			hasScannedForEncodings = 0;
			knownRegions = (
				en,
			);
			mainGroup = 9B93B6F014BBFEFB00FB31CE;
			productRefGroup = 9B93B6FC14BBFEFC00FB31CE /* Products */;
			projectDirPath = "";
			projectRoot = "";
			targets = (
				9B93B6FA14BBFEFC00FB31CE /* Easter Show */,
				9B93B71A14BBFEFC00FB31CE /* Easter ShowTests */,
			);
		};
/* End PBXProject section */

/* Begin PBXResourcesBuildPhase section */
		9B93B6F914BBFEFC00FB31CE /* Resources */ = {
			isa = PBXResourcesBuildPhase;
			buildActionMask = 2147483647;
			files = (
				9B93B70C14BBFEFC00FB31CE /* InfoPlist.strings in Resources */,
				9B93B74114BC03BB00FB31CE /* MoreVC.xib in Resources */,
				9B93B74614BC059200FB31CE /* ShowbagsMenuVC.xib in Resources */,
				9BD0729814BCE69F002D297F /* SVProgressHUD.bundle in Resources */,
				9B585DF114BCFEFB0027DB00 /* showbagFilter-10-17-on.png in Resources */,
				9B585DF214BCFEFB0027DB00 /* showbagFilter-10-17.png in Resources */,
				9B585DF314BCFEFB0027DB00 /* showbagFilter-over17-on.png in Resources */,
				9B585DF414BCFEFB0027DB00 /* showbagFilter-over17.png in Resources */,
				9B585DF514BCFEFB0027DB00 /* showbagFilter-under10-on.png in Resources */,
				9B585DF614BCFEFB0027DB00 /* showbagFilter-under10.png in Resources */,
				9B585DFB14BD2B720027DB00 /* ShowbagsTableCell.xib in Resources */,
				9B585E2214BD3A340027DB00 /* placeholder-showbags-thumb.jpg in Resources */,
				9B585E2714BD40EA0027DB00 /* ShowbagVC.xib in Resources */,
			);
			runOnlyForDeploymentPostprocessing = 0;
		};
		9B93B71814BBFEFC00FB31CE /* Resources */ = {
			isa = PBXResourcesBuildPhase;
			buildActionMask = 2147483647;
			files = (
				9B93B72814BBFEFC00FB31CE /* InfoPlist.strings in Resources */,
			);
			runOnlyForDeploymentPostprocessing = 0;
		};
/* End PBXResourcesBuildPhase section */

/* Begin PBXShellScriptBuildPhase section */
		9B93B71914BBFEFC00FB31CE /* ShellScript */ = {
			isa = PBXShellScriptBuildPhase;
			buildActionMask = 2147483647;
			files = (
			);
			inputPaths = (
			);
			outputPaths = (
			);
			runOnlyForDeploymentPostprocessing = 0;
			shellPath = /bin/sh;
			shellScript = "# Run the unit tests in this test bundle.\n\"${SYSTEM_DEVELOPER_DIR}/Tools/RunUnitTests\"\n";
		};
/* End PBXShellScriptBuildPhase section */

/* Begin PBXSourcesBuildPhase section */
		9B93B6F714BBFEFC00FB31CE /* Sources */ = {
			isa = PBXSourcesBuildPhase;
			buildActionMask = 2147483647;
			files = (
				9B93B70E14BBFEFC00FB31CE /* main.m in Sources */,
				9B93B71214BBFEFC00FB31CE /* SRESAppDelegate.m in Sources */,
				9B93B71514BBFEFC00FB31CE /* Easter_Show.xcdatamodeld in Sources */,
				9B93B74014BC03BB00FB31CE /* MoreVC.m in Sources */,
				9B93B74514BC059200FB31CE /* ShowbagsMenuVC.m in Sources */,
				9B93B75514BC0B6800FB31CE /* StringHelper.m in Sources */,
				9B93B75814BC0B7B00FB31CE /* DataHelper.m in Sources */,
				9B93B75B14BC0CCF00FB31CE /* XMLFetcher.m in Sources */,
				9B93B75E14BC0CDE00FB31CE /* XPathResultNode.m in Sources */,
				9B93B76114BC0CF000FB31CE /* HTTPFetcher.m in Sources */,
				9BD0728A14BCE434002D297F /* Reachability.m in Sources */,
				9BD0729714BCE69F002D297F /* SVProgressHUD.m in Sources */,
				9B585DE514BCF0770027DB00 /* Showbag.m in Sources */,
				9B585DFA14BD2B720027DB00 /* ShowbagsTableCell.m in Sources */,
				9B585E0C14BD2EC10027DB00 /* ASIDataCompressor.m in Sources */,
				9B585E0D14BD2EC10027DB00 /* ASIDataDecompressor.m in Sources */,
				9B585E0E14BD2EC10027DB00 /* ASIInputStream.m in Sources */,
				9B585E0F14BD2EC10027DB00 /* ASIAuthenticationDialog.m in Sources */,
				9B585E1014BD2EC10027DB00 /* ASIHTTPRequest.m in Sources */,
				9B585E1114BD2EC10027DB00 /* ASIDownloadCache.m in Sources */,
				9B585E1414BD2EDD0027DB00 /* ImageManager.m in Sources */,
				9B585E2614BD40EA0027DB00 /* ShowbagVC.m in Sources */,
			);
			runOnlyForDeploymentPostprocessing = 0;
		};
		9B93B71614BBFEFC00FB31CE /* Sources */ = {
			isa = PBXSourcesBuildPhase;
			buildActionMask = 2147483647;
			files = (
				9B93B72B14BBFEFC00FB31CE /* Easter_ShowTests.m in Sources */,
			);
			runOnlyForDeploymentPostprocessing = 0;
		};
/* End PBXSourcesBuildPhase section */

/* Begin PBXTargetDependency section */
		9B93B72214BBFEFC00FB31CE /* PBXTargetDependency */ = {
			isa = PBXTargetDependency;
			target = 9B93B6FA14BBFEFC00FB31CE /* Easter Show */;
			targetProxy = 9B93B72114BBFEFC00FB31CE /* PBXContainerItemProxy */;
		};
/* End PBXTargetDependency section */

/* Begin PBXVariantGroup section */
		9B93B70A14BBFEFC00FB31CE /* InfoPlist.strings */ = {
			isa = PBXVariantGroup;
			children = (
				9B93B70B14BBFEFC00FB31CE /* en */,
			);
			name = InfoPlist.strings;
			sourceTree = "<group>";
		};
		9B93B72614BBFEFC00FB31CE /* InfoPlist.strings */ = {
			isa = PBXVariantGroup;
			children = (
				9B93B72714BBFEFC00FB31CE /* en */,
			);
			name = InfoPlist.strings;
			sourceTree = "<group>";
		};
/* End PBXVariantGroup section */

/* Begin XCBuildConfiguration section */
		9B93B72C14BBFEFC00FB31CE /* Debug */ = {
			isa = XCBuildConfiguration;
			buildSettings = {
				ALWAYS_SEARCH_USER_PATHS = NO;
				ARCHS = "$(ARCHS_STANDARD_32_BIT)";
				"CODE_SIGN_IDENTITY[sdk=iphoneos*]" = "iPhone Developer";
				COPY_PHASE_STRIP = NO;
				GCC_C_LANGUAGE_STANDARD = gnu99;
				GCC_DYNAMIC_NO_PIC = NO;
				GCC_OPTIMIZATION_LEVEL = 0;
				GCC_PREPROCESSOR_DEFINITIONS = (
					"DEBUG=1",
					"$(inherited)",
				);
				GCC_SYMBOLS_PRIVATE_EXTERN = NO;
				GCC_VERSION = com.apple.compilers.llvm.clang.1_0;
				GCC_WARN_ABOUT_MISSING_PROTOTYPES = YES;
				GCC_WARN_ABOUT_RETURN_TYPE = YES;
				GCC_WARN_UNUSED_VARIABLE = YES;
				IPHONEOS_DEPLOYMENT_TARGET = 5.0;
				SDKROOT = iphoneos;
			};
			name = Debug;
		};
		9B93B72D14BBFEFC00FB31CE /* Release */ = {
			isa = XCBuildConfiguration;
			buildSettings = {
				ALWAYS_SEARCH_USER_PATHS = NO;
				ARCHS = "$(ARCHS_STANDARD_32_BIT)";
				"CODE_SIGN_IDENTITY[sdk=iphoneos*]" = "iPhone Developer";
				COPY_PHASE_STRIP = YES;
				GCC_C_LANGUAGE_STANDARD = gnu99;
				GCC_VERSION = com.apple.compilers.llvm.clang.1_0;
				GCC_WARN_ABOUT_MISSING_PROTOTYPES = YES;
				GCC_WARN_ABOUT_RETURN_TYPE = YES;
				GCC_WARN_UNUSED_VARIABLE = YES;
				IPHONEOS_DEPLOYMENT_TARGET = 5.0;
				OTHER_CFLAGS = "-DNS_BLOCK_ASSERTIONS=1";
				SDKROOT = iphoneos;
				VALIDATE_PRODUCT = YES;
			};
			name = Release;
		};
		9B93B72F14BBFEFC00FB31CE /* Debug */ = {
			isa = XCBuildConfiguration;
			buildSettings = {
				GCC_PRECOMPILE_PREFIX_HEADER = YES;
				GCC_PREFIX_HEADER = "Easter Show/Easter Show-Prefix.pch";
				HEADER_SEARCH_PATHS = "\"$(SDK_DIR)\"/usr/include/libxml2/**";
				INFOPLIST_FILE = "Easter Show/Easter Show-Info.plist";
				IPHONEOS_DEPLOYMENT_TARGET = 5.0;
				PRODUCT_NAME = "$(TARGET_NAME)";
				WRAPPER_EXTENSION = app;
			};
			name = Debug;
		};
		9B93B73014BBFEFC00FB31CE /* Release */ = {
			isa = XCBuildConfiguration;
			buildSettings = {
				GCC_PRECOMPILE_PREFIX_HEADER = YES;
				GCC_PREFIX_HEADER = "Easter Show/Easter Show-Prefix.pch";
				HEADER_SEARCH_PATHS = "\"$(SDK_DIR)\"/usr/include/libxml2/**";
				INFOPLIST_FILE = "Easter Show/Easter Show-Info.plist";
				IPHONEOS_DEPLOYMENT_TARGET = 5.0;
				PRODUCT_NAME = "$(TARGET_NAME)";
				WRAPPER_EXTENSION = app;
			};
			name = Release;
		};
		9B93B73214BBFEFC00FB31CE /* Debug */ = {
			isa = XCBuildConfiguration;
			buildSettings = {
				BUNDLE_LOADER = "$(BUILT_PRODUCTS_DIR)/Easter Show.app/Easter Show";
				FRAMEWORK_SEARCH_PATHS = (
					"$(SDKROOT)/Developer/Library/Frameworks",
					"$(DEVELOPER_LIBRARY_DIR)/Frameworks",
				);
				GCC_PRECOMPILE_PREFIX_HEADER = YES;
				GCC_PREFIX_HEADER = "Easter Show/Easter Show-Prefix.pch";
				INFOPLIST_FILE = "Easter ShowTests/Easter ShowTests-Info.plist";
				PRODUCT_NAME = "$(TARGET_NAME)";
				TEST_HOST = "$(BUNDLE_LOADER)";
				WRAPPER_EXTENSION = octest;
			};
			name = Debug;
		};
		9B93B73314BBFEFC00FB31CE /* Release */ = {
			isa = XCBuildConfiguration;
			buildSettings = {
				BUNDLE_LOADER = "$(BUILT_PRODUCTS_DIR)/Easter Show.app/Easter Show";
				FRAMEWORK_SEARCH_PATHS = (
					"$(SDKROOT)/Developer/Library/Frameworks",
					"$(DEVELOPER_LIBRARY_DIR)/Frameworks",
				);
				GCC_PRECOMPILE_PREFIX_HEADER = YES;
				GCC_PREFIX_HEADER = "Easter Show/Easter Show-Prefix.pch";
				INFOPLIST_FILE = "Easter ShowTests/Easter ShowTests-Info.plist";
				PRODUCT_NAME = "$(TARGET_NAME)";
				TEST_HOST = "$(BUNDLE_LOADER)";
				WRAPPER_EXTENSION = octest;
			};
			name = Release;
		};
/* End XCBuildConfiguration section */

/* Begin XCConfigurationList section */
		9B93B6F514BBFEFB00FB31CE /* Build configuration list for PBXProject "Easter Show" */ = {
			isa = XCConfigurationList;
			buildConfigurations = (
				9B93B72C14BBFEFC00FB31CE /* Debug */,
				9B93B72D14BBFEFC00FB31CE /* Release */,
			);
			defaultConfigurationIsVisible = 0;
			defaultConfigurationName = Release;
		};
		9B93B72E14BBFEFC00FB31CE /* Build configuration list for PBXNativeTarget "Easter Show" */ = {
			isa = XCConfigurationList;
			buildConfigurations = (
				9B93B72F14BBFEFC00FB31CE /* Debug */,
				9B93B73014BBFEFC00FB31CE /* Release */,
			);
			defaultConfigurationIsVisible = 0;
			defaultConfigurationName = Release;
		};
		9B93B73114BBFEFC00FB31CE /* Build configuration list for PBXNativeTarget "Easter ShowTests" */ = {
			isa = XCConfigurationList;
			buildConfigurations = (
				9B93B73214BBFEFC00FB31CE /* Debug */,
				9B93B73314BBFEFC00FB31CE /* Release */,
			);
			defaultConfigurationIsVisible = 0;
			defaultConfigurationName = Release;
		};
/* End XCConfigurationList section */

/* Begin XCVersionGroup section */
		9B93B71314BBFEFC00FB31CE /* Easter_Show.xcdatamodeld */ = {
			isa = XCVersionGroup;
			children = (
				9B93B71414BBFEFC00FB31CE /* Easter_Show.xcdatamodel */,
			);
			currentVersion = 9B93B71414BBFEFC00FB31CE /* Easter_Show.xcdatamodel */;
			path = Easter_Show.xcdatamodeld;
			sourceTree = "<group>";
			versionGroupType = wrapper.xcdatamodel;
		};
/* End XCVersionGroup section */
	};
	rootObject = 9B93B6F214BBFEFB00FB31CE /* Project object */;
}
